<?xml version="1.0" encoding="utf-8"?>
<Project ToolsVersion="4.0" xmlns="http://schemas.microsoft.com/developer/msbuild/2003">
  <ItemGroup>
    <Filter Include="Source Files">
      <UniqueIdentifier>{4FC737F1-C7A5-4376-A066-2A32D752A2FF}</UniqueIdentifier>
      <Extensions>cpp;c;cc;cxx;c++;cppm;ixx;def;odl;idl;hpj;bat;asm;asmx</Extensions>
    </Filter>
    <Filter Include="Header Files">
      <UniqueIdentifier>{93995380-89BD-4b04-88EB-625FBE52EBFB}</UniqueIdentifier>
      <Extensions>h;hh;hpp;hxx;h++;hm;inl;inc;ipp;xsd</Extensions>
    </Filter>
    <Filter Include="Resource Files">
      <UniqueIdentifier>{67DA6AB6-F800-4c08-8B7A-83BB121AAD01}</UniqueIdentifier>
      <Extensions>rc;ico;cur;bmp;dlg;rc2;rct;bin;rgs;gif;jpg;jpeg;jpe;resx;tiff;tif;png;wav;mfcribbon-ms</Extensions>
    </Filter>
    <Filter Include="Header Files\utils">
      <UniqueIdentifier>{4c61bb23-0811-4c5f-ae06-b081134bd175}</UniqueIdentifier>
    </Filter>
    <Filter Include="Source Files\utils">
      <UniqueIdentifier>{5da84713-4427-45f2-91e1-4975eb327de2}</UniqueIdentifier>
    </Filter>
    <Filter Include="Header Files\common">
      <UniqueIdentifier>{8c925259-2cd4-41ec-8b8f-339b88f054bd}</UniqueIdentifier>
    </Filter>
    <Filter Include="Source Files\common">
      <UniqueIdentifier>{62eaca98-6d4b-43d0-ba5d-c7cbc1145c68}</UniqueIdentifier>
    </Filter>
    <Filter Include="Header Files\events">
      <UniqueIdentifier>{131247e4-6a87-4b4a-8b85-333d4e1de386}</UniqueIdentifier>
    </Filter>
  </ItemGroup>
  <ItemGroup>
    <ClCompile Include="main.cpp">
      <Filter>Source Files</Filter>
    </ClCompile>
    <ClCompile Include="display_builder.cpp">
      <Filter>Source Files</Filter>
    </ClCompile>
    <ClCompile Include="game.cpp">
      <Filter>Source Files</Filter>
    </ClCompile>
    <ClCompile Include="game_timer.cpp">
      <Filter>Source Files</Filter>
    </ClCompile>
    <ClCompile Include="logger.cpp">
      <Filter>Source Files\utils</Filter>
    </ClCompile>
    <ClCompile Include="string_utils.cpp">
      <Filter>Source Files\utils</Filter>
    </ClCompile>
    <ClCompile Include="exception.cpp">
      <Filter>Source Files\utils</Filter>
    </ClCompile>
    <ClCompile Include="input_device.cpp">
      <Filter>Source Files</Filter>
    </ClCompile>
    <ClCompile Include="static_component.cpp">
      <Filter>Source Files\common</Filter>
    </ClCompile>
    <ClCompile Include="triangle_component.cpp">
      <Filter>Source Files\common</Filter>
    </ClCompile>
    <ClCompile Include="SimpleMath.cpp">
      <Filter>Source Files\common</Filter>
    </ClCompile>
    <ClCompile Include="shader_manager.cpp">
      <Filter>Source Files\common</Filter>
    </ClCompile>
    <ClCompile Include="cube_component.cpp">
      <Filter>Source Files\common</Filter>
    </ClCompile>
    <ClCompile Include="sphere_component.cpp">
      <Filter>Source Files\common</Filter>
    </ClCompile>
    <ClCompile Include="camera_component.cpp">
      <Filter>Source Files\common</Filter>
    </ClCompile>
    <ClCompile Include="cubemap_component.cpp">
      <Filter>Source Files\common</Filter>
    </ClCompile>
    <ClCompile Include="WICTextureLoader.cpp">
      <Filter>Source Files\utils</Filter>
    </ClCompile>
    <ClCompile Include="dxerr.cpp">
      <Filter>Source Files\utils</Filter>
    </ClCompile>
    <ClCompile Include="DXUT.cpp">
      <Filter>Source Files\utils</Filter>
    </ClCompile>
    <ClCompile Include="DXUTmisc.cpp">
      <Filter>Source Files\utils</Filter>
    </ClCompile>
    <ClCompile Include="DXUTDevice11.cpp">
      <Filter>Source Files\utils</Filter>
    </ClCompile>
    <ClCompile Include="ScreenGrab.cpp">
      <Filter>Source Files\utils</Filter>
    </ClCompile>
    <ClCompile Include="game_menu.cpp">
      <Filter>Source Files</Filter>
    </ClCompile>
    <ClCompile Include="fps_camera.cpp">
      <Filter>Source Files\common</Filter>
    </ClCompile>
    <ClCompile Include="orbit_camera.cpp">
      <Filter>Source Files\common</Filter>
    </ClCompile>
  </ItemGroup>
  <ItemGroup>
    <ClInclude Include="display_win32.hpp">
      <Filter>Header Files</Filter>
    </ClInclude>
    <ClInclude Include="jd_types.hpp">
      <Filter>Header Files</Filter>
    </ClInclude>
    <ClInclude Include="game.hpp">
      <Filter>Header Files</Filter>
    </ClInclude>
    <ClInclude Include="display_builder.hpp">
      <Filter>Header Files</Filter>
    </ClInclude>
    <ClInclude Include="game_timer.hpp">
      <Filter>Header Files</Filter>
    </ClInclude>
    <ClInclude Include="string_utils.hpp">
      <Filter>Header Files\utils</Filter>
    </ClInclude>
    <ClInclude Include="logger.hpp">
      <Filter>Header Files\utils</Filter>
    </ClInclude>
    <ClInclude Include="config_parser.hpp">
      <Filter>Header Files\utils</Filter>
    </ClInclude>
    <ClInclude Include="exception.hpp">
      <Filter>Header Files</Filter>
    </ClInclude>
    <ClInclude Include="input_device.hpp">
      <Filter>Header Files</Filter>
    </ClInclude>
    <ClInclude Include="keys.hpp">
      <Filter>Header Files</Filter>
    </ClInclude>
    <ClInclude Include="delegates.hpp">
      <Filter>Header Files\utils</Filter>
    </ClInclude>
    <ClInclude Include="triangle_component.hpp">
      <Filter>Header Files\common</Filter>
    </ClInclude>
    <ClInclude Include="velocity_component.hpp">
      <Filter>Header Files\common</Filter>
    </ClInclude>
    <ClInclude Include="static_component.hpp">
      <Filter>Header Files\common</Filter>
    </ClInclude>
    <ClInclude Include="collidable.hpp">
      <Filter>Header Files\common</Filter>
    </ClInclude>
    <ClInclude Include="SimpleMath.h">
      <Filter>Header Files\common</Filter>
    </ClInclude>
    <ClInclude Include="game_component.hpp">
      <Filter>Header Files\common</Filter>
    </ClInclude>
    <ClInclude Include="shader_manager.hpp">
      <Filter>Header Files\common</Filter>
    </ClInclude>
    <ClInclude Include="cube_component.hpp">
      <Filter>Header Files\common</Filter>
    </ClInclude>
    <ClInclude Include="sphere_component.hpp">
      <Filter>Header Files\common</Filter>
    </ClInclude>
    <ClInclude Include="camera_component.hpp">
      <Filter>Header Files\common</Filter>
    </ClInclude>
    <ClInclude Include="pos_event.hpp">
      <Filter>Header Files\events</Filter>
    </ClInclude>
    <ClInclude Include="cubemap_component.hpp">
      <Filter>Header Files\common</Filter>
    </ClInclude>
    <ClInclude Include="WICTextureLoader.h">
      <Filter>Header Files\utils</Filter>
    </ClInclude>
    <ClInclude Include="dxerr.h">
      <Filter>Header Files\utils</Filter>
    </ClInclude>
    <ClInclude Include="DXUT.h">
      <Filter>Header Files\utils</Filter>
    </ClInclude>
    <ClInclude Include="DXUTmisc.h">
      <Filter>Header Files\utils</Filter>
    </ClInclude>
    <ClInclude Include="DXUTDevice11.h">
      <Filter>Header Files\utils</Filter>
    </ClInclude>
    <ClInclude Include="ScreenGrab.h">
      <Filter>Header Files\utils</Filter>
    </ClInclude>
    <ClInclude Include="menu_ptr.hpp">
      <Filter>Header Files</Filter>
    </ClInclude>
    <ClInclude Include="pick_event.hpp">
      <Filter>Header Files\events</Filter>
    </ClInclude>
    <ClInclude Include="camera_event.hpp">
      <Filter>Header Files\events</Filter>
    </ClInclude>
    <ClInclude Include="camera_strategy_interface.hpp">
      <Filter>Header Files\common</Filter>
    </ClInclude>
    <ClInclude Include="fps_camera.hpp">
      <Filter>Header Files\common</Filter>
    </ClInclude>
    <ClInclude Include="orbit_camera.hpp">
      <Filter>Header Files\common</Filter>
    </ClInclude>
  </ItemGroup>
</Project>